# THIS IS AN AUTOGENERATED FILE. DO NOT EDIT THIS FILE DIRECTLY.
# yarn lockfile v1


deno_ls_plugin@^0.1.0:
  version "0.1.0"
  resolved "https://registry.yarnpkg.com/deno_ls_plugin/-/deno_ls_plugin-0.1.0.tgz#1c9cfdc7e550eb45d59fce3109a9205a0db96b54"
  integrity sha512-mUV2q6Alx3p1B21R5yVIc/wmeCcPftz/CcbsY0kbV/djyFRLZU/Gqmn6sqvMCm2zb+suHinPE99QhySIFuz5hw==

typescript@^3.9.6:
  version "3.9.6"
  resolved "https://registry.yarnpkg.com/typescript/-/typescript-3.9.6.tgz#8f3e0198a34c3ae17091b35571d3afd31999365a"
  integrity sha512-Pspx3oKAPJtjNwE92YS05HQoY7z2SFyOpHo9MqJor3BXAGNaPUs83CuVp9VISFkSjyRfiTpmKuAYGJB7S7hOxw==
